
Microsoft Visual Studio Solution File, Format Version 12.00
# Visual Studio Version 16
VisualStudioVersion = 16.0.29201.188
MinimumVisualStudioVersion = 10.0.40219.1
Project("{9A19103F-16F7-4668-BE54-9A1E7A4F7556}") = "Diabetto.Core", "Diabetto.Core\Diabetto.Core.csproj", "{3969CB50-1EC2-442C-BB86-752E0AAE4C63}"
EndProject
Project("{FAE04EC0-301F-11D3-BF4B-00C04F79EFBC}") = "Diabetto.iOS", "Diabetto.iOS\Diabetto.iOS.csproj", "{C281EBF4-6478-4AB3-9AA0-309587786C3F}"
EndProject
Project("{FAE04EC0-301F-11D3-BF4B-00C04F79EFBC}") = "Diabetto.iOS.Intents", "Diabetto.iOS.Intents\Diabetto.iOS.Intents\Diabetto.iOS.Intents.csproj", "{AFCDF530-7264-47AA-837E-55FC9B943509}"
EndProject
Project("{FAE04EC0-301F-11D3-BF4B-00C04F79EFBC}") = "Diabetto.iOS.IntentsUI", "Diabetto.iOS.Intents\Diabetto.iOS.IntentsUI\Diabetto.iOS.IntentsUI.csproj", "{AEB8F693-6AAC-4F54-8B10-E295CECC2108}"
EndProject
Project("{FAE04EC0-301F-11D3-BF4B-00C04F79EFBC}") = "Diabetto.iOS.Intents.Shared", "Diabetto.iOS.Intents\Diabetto.iOS.Intents.Shared\Diabetto.iOS.Intents.Shared.csproj", "{6E22C0B4-DC54-41EE-9B80-180CCD56687B}"
EndProject
Global
	GlobalSection(SolutionConfigurationPlatforms) = preSolution
		Debug|Any CPU = Debug|Any CPU
		Debug|iPhone = Debug|iPhone
		Debug|iPhoneSimulator = Debug|iPhoneSimulator
		Release|Any CPU = Release|Any CPU
		Release|iPhone = Release|iPhone
		Release|iPhoneSimulator = Release|iPhoneSimulator
	EndGlobalSection
	GlobalSection(ProjectConfigurationPlatforms) = postSolution
		{3969CB50-1EC2-442C-BB86-752E0AAE4C63}.Debug|Any CPU.ActiveCfg = Debug|Any CPU
		{3969CB50-1EC2-442C-BB86-752E0AAE4C63}.Debug|Any CPU.Build.0 = Debug|Any CPU
		{3969CB50-1EC2-442C-BB86-752E0AAE4C63}.Debug|iPhone.ActiveCfg = Debug|Any CPU
		{3969CB50-1EC2-442C-BB86-752E0AAE4C63}.Debug|iPhone.Build.0 = Debug|Any CPU
		{3969CB50-1EC2-442C-BB86-752E0AAE4C63}.Debug|iPhoneSimulator.ActiveCfg = Debug|Any CPU
		{3969CB50-1EC2-442C-BB86-752E0AAE4C63}.Debug|iPhoneSimulator.Build.0 = Debug|Any CPU
		{3969CB50-1EC2-442C-BB86-752E0AAE4C63}.Release|Any CPU.ActiveCfg = Release|Any CPU
		{3969CB50-1EC2-442C-BB86-752E0AAE4C63}.Release|Any CPU.Build.0 = Release|Any CPU
		{3969CB50-1EC2-442C-BB86-752E0AAE4C63}.Release|iPhone.ActiveCfg = Release|Any CPU
		{3969CB50-1EC2-442C-BB86-752E0AAE4C63}.Release|iPhone.Build.0 = Release|Any CPU
		{3969CB50-1EC2-442C-BB86-752E0AAE4C63}.Release|iPhoneSimulator.ActiveCfg = Release|Any CPU
		{3969CB50-1EC2-442C-BB86-752E0AAE4C63}.Release|iPhoneSimulator.Build.0 = Release|Any CPU
		{C281EBF4-6478-4AB3-9AA0-309587786C3F}.Debug|Any CPU.ActiveCfg = Debug|iPhone
		{C281EBF4-6478-4AB3-9AA0-309587786C3F}.Debug|iPhone.ActiveCfg = Debug|iPhone
		{C281EBF4-6478-4AB3-9AA0-309587786C3F}.Debug|iPhone.Build.0 = Debug|iPhone
		{C281EBF4-6478-4AB3-9AA0-309587786C3F}.Debug|iPhoneSimulator.ActiveCfg = Debug|iPhoneSimulator
		{C281EBF4-6478-4AB3-9AA0-309587786C3F}.Debug|iPhoneSimulator.Build.0 = Debug|iPhoneSimulator
		{C281EBF4-6478-4AB3-9AA0-309587786C3F}.Release|Any CPU.ActiveCfg = Release|iPhone
		{C281EBF4-6478-4AB3-9AA0-309587786C3F}.Release|iPhone.ActiveCfg = Release|iPhone
		{C281EBF4-6478-4AB3-9AA0-309587786C3F}.Release|iPhone.Build.0 = Release|iPhone
		{C281EBF4-6478-4AB3-9AA0-309587786C3F}.Release|iPhoneSimulator.ActiveCfg = Release|iPhoneSimulator
		{C281EBF4-6478-4AB3-9AA0-309587786C3F}.Release|iPhoneSimulator.Build.0 = Release|iPhoneSimulator
		{AFCDF530-7264-47AA-837E-55FC9B943509}.Debug|Any CPU.ActiveCfg = Debug|iPhone
		{AFCDF530-7264-47AA-837E-55FC9B943509}.Debug|iPhone.ActiveCfg = Debug|iPhone
		{AFCDF530-7264-47AA-837E-55FC9B943509}.Debug|iPhone.Build.0 = Debug|iPhone
		{AFCDF530-7264-47AA-837E-55FC9B943509}.Debug|iPhoneSimulator.ActiveCfg = Debug|iPhoneSimulator
		{AFCDF530-7264-47AA-837E-55FC9B943509}.Debug|iPhoneSimulator.Build.0 = Debug|iPhoneSimulator
		{AFCDF530-7264-47AA-837E-55FC9B943509}.Release|Any CPU.ActiveCfg = Release|iPhone
		{AFCDF530-7264-47AA-837E-55FC9B943509}.Release|iPhone.ActiveCfg = Release|iPhone
		{AFCDF530-7264-47AA-837E-55FC9B943509}.Release|iPhone.Build.0 = Release|iPhone
		{AFCDF530-7264-47AA-837E-55FC9B943509}.Release|iPhoneSimulator.ActiveCfg = Release|iPhoneSimulator
		{AFCDF530-7264-47AA-837E-55FC9B943509}.Release|iPhoneSimulator.Build.0 = Release|iPhoneSimulator
		{AEB8F693-6AAC-4F54-8B10-E295CECC2108}.Debug|Any CPU.ActiveCfg = Debug|iPhone
		{AEB8F693-6AAC-4F54-8B10-E295CECC2108}.Debug|iPhone.ActiveCfg = Debug|iPhone
		{AEB8F693-6AAC-4F54-8B10-E295CECC2108}.Debug|iPhone.Build.0 = Debug|iPhone
		{AEB8F693-6AAC-4F54-8B10-E295CECC2108}.Debug|iPhoneSimulator.ActiveCfg = Debug|iPhoneSimulator
		{AEB8F693-6AAC-4F54-8B10-E295CECC2108}.Debug|iPhoneSimulator.Build.0 = Debug|iPhoneSimulator
		{AEB8F693-6AAC-4F54-8B10-E295CECC2108}.Release|Any CPU.ActiveCfg = Release|iPhone
		{AEB8F693-6AAC-4F54-8B10-E295CECC2108}.Release|iPhone.ActiveCfg = Release|iPhone
		{AEB8F693-6AAC-4F54-8B10-E295CECC2108}.Release|iPhone.Build.0 = Release|iPhone
		{AEB8F693-6AAC-4F54-8B10-E295CECC2108}.Release|iPhoneSimulator.ActiveCfg = Release|iPhoneSimulator
		{AEB8F693-6AAC-4F54-8B10-E295CECC2108}.Release|iPhoneSimulator.Build.0 = Release|iPhoneSimulator
		{6E22C0B4-DC54-41EE-9B80-180CCD56687B}.Debug|Any CPU.ActiveCfg = Debug|Any CPU
		{6E22C0B4-DC54-41EE-9B80-180CCD56687B}.Debug|Any CPU.Build.0 = Debug|Any CPU
		{6E22C0B4-DC54-41EE-9B80-180CCD56687B}.Debug|iPhone.ActiveCfg = Debug|Any CPU
		{6E22C0B4-DC54-41EE-9B80-180CCD56687B}.Debug|iPhone.Build.0 = Debug|Any CPU
		{6E22C0B4-DC54-41EE-9B80-180CCD56687B}.Debug|iPhoneSimulator.ActiveCfg = Debug|Any CPU
		{6E22C0B4-DC54-41EE-9B80-180CCD56687B}.Debug|iPhoneSimulator.Build.0 = Debug|Any CPU
		{6E22C0B4-DC54-41EE-9B80-180CCD56687B}.Release|Any CPU.ActiveCfg = Release|Any CPU
		{6E22C0B4-DC54-41EE-9B80-180CCD56687B}.Release|Any CPU.Build.0 = Release|Any CPU
		{6E22C0B4-DC54-41EE-9B80-180CCD56687B}.Release|iPhone.ActiveCfg = Release|Any CPU
		{6E22C0B4-DC54-41EE-9B80-180CCD56687B}.Release|iPhone.Build.0 = Release|Any CPU
		{6E22C0B4-DC54-41EE-9B80-180CCD56687B}.Release|iPhoneSimulator.ActiveCfg = Release|Any CPU
		{6E22C0B4-DC54-41EE-9B80-180CCD56687B}.Release|iPhoneSimulator.Build.0 = Release|Any CPU
	EndGlobalSection
	GlobalSection(SolutionProperties) = preSolution
		HideSolutionNode = FALSE
	EndGlobalSection
	GlobalSection(ExtensibilityGlobals) = postSolution
		SolutionGuid = {05572BF8-95DA-4BFA-84C8-4696EE076D5B}
	EndGlobalSection
EndGlobal
